
Microsoft Visual Studio Solution File, Format Version 12.00
# Visual Studio 15
VisualStudioVersion = 15.0.28307.1259
MinimumVisualStudioVersion = 10.0.40219.1
Project("{FAE04EC0-301F-11D3-BF4B-00C04F79EFBC}") = "stack-int", "stack-int\stack-int.csproj", "{F736274E-3D49-444F-AE83-55338D3BA4CE}"
EndProject
Global
	GlobalSection(SolutionConfigurationPlatforms) = preSolution
		Debug|Any CPU = Debug|Any CPU
		Release|Any CPU = Release|Any CPU
	EndGlobalSection
	GlobalSection(ProjectConfigurationPlatforms) = postSolution
		{F736274E-3D49-444F-AE83-55338D3BA4CE}.Debug|Any CPU.ActiveCfg = Debug|Any CPU
		{F736274E-3D49-444F-AE83-55338D3BA4CE}.Debug|Any CPU.Build.0 = Debug|Any CPU
		{F736274E-3D49-444F-AE83-55338D3BA4CE}.Release|Any CPU.ActiveCfg = Release|Any CPU
		{F736274E-3D49-444F-AE83-55338D3BA4CE}.Release|Any CPU.Build.0 = Release|Any CPU
	EndGlobalSection
	GlobalSection(SolutionProperties) = preSolution
		HideSolutionNode = FALSE
	EndGlobalSection
	GlobalSection(ExtensibilityGlobals) = postSolution
		SolutionGuid = {8526A4B6-CC2A-4611-8FA4-105D10DD270B}
	EndGlobalSection
EndGlobal
